
Microsoft Visual Studio Solution File, Format Version 12.00
# Visual Studio Version 17
VisualStudioVersion = 17.5.33516.290
MinimumVisualStudioVersion = 10.0.40219.1
Project("{2150E333-8FDC-42A3-9474-1A3956D46DE8}") = "BookingService", "BookingService", "{50D8DC04-96CF-4220-A0D0-5BF8C5B0029D}"
EndProject
Project("{2150E333-8FDC-42A3-9474-1A3956D46DE8}") = "PaymentService", "PaymentService", "{F3FEDC28-E822-4D6D-83AD-C1299274984E}"
EndProject
Project("{2150E333-8FDC-42A3-9474-1A3956D46DE8}") = "Core", "Core", "{DB092105-B57A-4276-A101-441C9932094E}"
EndProject
Project("{2150E333-8FDC-42A3-9474-1A3956D46DE8}") = "Domain", "Domain", "{908E923C-DB04-4522-BC8F-447F50837950}"
EndProject
Project("{2150E333-8FDC-42A3-9474-1A3956D46DE8}") = "Application", "Application", "{4FE73AA8-A0A0-4508-B28B-93C1FDBF0844}"
EndProject
Project("{2150E333-8FDC-42A3-9474-1A3956D46DE8}") = "Adapters", "Adapters", "{BAE0EC5A-E1C9-4BA2-9F46-BCEB29E9EE41}"
EndProject
Project("{2150E333-8FDC-42A3-9474-1A3956D46DE8}") = "Consumers", "Consumers", "{82EA0749-534C-45BF-9E9F-2BBB518D5984}"
EndProject
Project("{2150E333-8FDC-42A3-9474-1A3956D46DE8}") = "Tests", "Tests", "{F3A1A587-11DC-4617-A16F-A2FCB6265DF8}"
EndProject
Project("{2150E333-8FDC-42A3-9474-1A3956D46DE8}") = "Domain", "Domain", "{E8287F5E-3178-47DA-9503-3B2D0DF2EA6A}"
EndProject
Project("{2150E333-8FDC-42A3-9474-1A3956D46DE8}") = "Application", "Application", "{FE1DB4C9-72CF-48EB-9A63-84514CF5A227}"
EndProject
Project("{2150E333-8FDC-42A3-9474-1A3956D46DE8}") = "Adapters", "Adapters", "{DF1B1BC0-99EC-414F-8FEE-BFFF35764F1F}"
EndProject
Project("{9A19103F-16F7-4668-BE54-9A1E7A4F7556}") = "DomainTests", "BookingService\Tests\Domain\DomainTests\DomainTests.csproj", "{7B66BAED-A8A5-4A3F-A1DD-58C40F885A48}"
EndProject
Project("{9A19103F-16F7-4668-BE54-9A1E7A4F7556}") = "ApplicationTests", "BookingService\Tests\Application\ApplicationTests\ApplicationTests.csproj", "{612F2B92-618E-4116-B383-355F6C6C3704}"
EndProject
Project("{9A19103F-16F7-4668-BE54-9A1E7A4F7556}") = "AdaptersTests", "BookingService\Tests\Adapters\AdaptersTests\AdaptersTests.csproj", "{642BAB0A-973E-4784-A404-2F44D2A152F7}"
EndProject
Project("{9A19103F-16F7-4668-BE54-9A1E7A4F7556}") = "API", "BookingService\Consumers\API\API.csproj", "{55D35841-AC74-451A-936C-B1DC5054E6D6}"
EndProject
Project("{9A19103F-16F7-4668-BE54-9A1E7A4F7556}") = "Data", "BookingService\Adapters\Data\Data.csproj", "{AA961582-DE99-4454-88AD-75F7A3A47DA9}"
EndProject
Project("{9A19103F-16F7-4668-BE54-9A1E7A4F7556}") = "Domain", "BookingService\Core\Domain\Domain.csproj", "{3F726E41-930B-47E9-B2D2-E4FF4731FB0E}"
EndProject
Project("{9A19103F-16F7-4668-BE54-9A1E7A4F7556}") = "Application", "BookingService\Core\Application\Application.csproj", "{785BB8FB-10AD-45AB-BB5A-63DCE54F93F0}"
EndProject
Global
	GlobalSection(SolutionConfigurationPlatforms) = preSolution
		Debug|Any CPU = Debug|Any CPU
		Release|Any CPU = Release|Any CPU
	EndGlobalSection
	GlobalSection(ProjectConfigurationPlatforms) = postSolution
		{7B66BAED-A8A5-4A3F-A1DD-58C40F885A48}.Debug|Any CPU.ActiveCfg = Debug|Any CPU
		{7B66BAED-A8A5-4A3F-A1DD-58C40F885A48}.Debug|Any CPU.Build.0 = Debug|Any CPU
		{7B66BAED-A8A5-4A3F-A1DD-58C40F885A48}.Release|Any CPU.ActiveCfg = Release|Any CPU
		{7B66BAED-A8A5-4A3F-A1DD-58C40F885A48}.Release|Any CPU.Build.0 = Release|Any CPU
		{612F2B92-618E-4116-B383-355F6C6C3704}.Debug|Any CPU.ActiveCfg = Debug|Any CPU
		{612F2B92-618E-4116-B383-355F6C6C3704}.Debug|Any CPU.Build.0 = Debug|Any CPU
		{612F2B92-618E-4116-B383-355F6C6C3704}.Release|Any CPU.ActiveCfg = Release|Any CPU
		{612F2B92-618E-4116-B383-355F6C6C3704}.Release|Any CPU.Build.0 = Release|Any CPU
		{642BAB0A-973E-4784-A404-2F44D2A152F7}.Debug|Any CPU.ActiveCfg = Debug|Any CPU
		{642BAB0A-973E-4784-A404-2F44D2A152F7}.Debug|Any CPU.Build.0 = Debug|Any CPU
		{642BAB0A-973E-4784-A404-2F44D2A152F7}.Release|Any CPU.ActiveCfg = Release|Any CPU
		{642BAB0A-973E-4784-A404-2F44D2A152F7}.Release|Any CPU.Build.0 = Release|Any CPU
		{55D35841-AC74-451A-936C-B1DC5054E6D6}.Debug|Any CPU.ActiveCfg = Debug|Any CPU
		{55D35841-AC74-451A-936C-B1DC5054E6D6}.Debug|Any CPU.Build.0 = Debug|Any CPU
		{55D35841-AC74-451A-936C-B1DC5054E6D6}.Release|Any CPU.ActiveCfg = Release|Any CPU
		{55D35841-AC74-451A-936C-B1DC5054E6D6}.Release|Any CPU.Build.0 = Release|Any CPU
		{AA961582-DE99-4454-88AD-75F7A3A47DA9}.Debug|Any CPU.ActiveCfg = Debug|Any CPU
		{AA961582-DE99-4454-88AD-75F7A3A47DA9}.Debug|Any CPU.Build.0 = Debug|Any CPU
		{AA961582-DE99-4454-88AD-75F7A3A47DA9}.Release|Any CPU.ActiveCfg = Release|Any CPU
		{AA961582-DE99-4454-88AD-75F7A3A47DA9}.Release|Any CPU.Build.0 = Release|Any CPU
		{3F726E41-930B-47E9-B2D2-E4FF4731FB0E}.Debug|Any CPU.ActiveCfg = Debug|Any CPU
		{3F726E41-930B-47E9-B2D2-E4FF4731FB0E}.Debug|Any CPU.Build.0 = Debug|Any CPU
		{3F726E41-930B-47E9-B2D2-E4FF4731FB0E}.Release|Any CPU.ActiveCfg = Release|Any CPU
		{3F726E41-930B-47E9-B2D2-E4FF4731FB0E}.Release|Any CPU.Build.0 = Release|Any CPU
		{785BB8FB-10AD-45AB-BB5A-63DCE54F93F0}.Debug|Any CPU.ActiveCfg = Debug|Any CPU
		{785BB8FB-10AD-45AB-BB5A-63DCE54F93F0}.Debug|Any CPU.Build.0 = Debug|Any CPU
		{785BB8FB-10AD-45AB-BB5A-63DCE54F93F0}.Release|Any CPU.ActiveCfg = Release|Any CPU
		{785BB8FB-10AD-45AB-BB5A-63DCE54F93F0}.Release|Any CPU.Build.0 = Release|Any CPU
	EndGlobalSection
	GlobalSection(SolutionProperties) = preSolution
		HideSolutionNode = FALSE
	EndGlobalSection
	GlobalSection(NestedProjects) = preSolution
		{DB092105-B57A-4276-A101-441C9932094E} = {50D8DC04-96CF-4220-A0D0-5BF8C5B0029D}
		{908E923C-DB04-4522-BC8F-447F50837950} = {DB092105-B57A-4276-A101-441C9932094E}
		{4FE73AA8-A0A0-4508-B28B-93C1FDBF0844} = {DB092105-B57A-4276-A101-441C9932094E}
		{BAE0EC5A-E1C9-4BA2-9F46-BCEB29E9EE41} = {50D8DC04-96CF-4220-A0D0-5BF8C5B0029D}
		{82EA0749-534C-45BF-9E9F-2BBB518D5984} = {50D8DC04-96CF-4220-A0D0-5BF8C5B0029D}
		{F3A1A587-11DC-4617-A16F-A2FCB6265DF8} = {50D8DC04-96CF-4220-A0D0-5BF8C5B0029D}
		{E8287F5E-3178-47DA-9503-3B2D0DF2EA6A} = {F3A1A587-11DC-4617-A16F-A2FCB6265DF8}
		{FE1DB4C9-72CF-48EB-9A63-84514CF5A227} = {F3A1A587-11DC-4617-A16F-A2FCB6265DF8}
		{DF1B1BC0-99EC-414F-8FEE-BFFF35764F1F} = {F3A1A587-11DC-4617-A16F-A2FCB6265DF8}
		{7B66BAED-A8A5-4A3F-A1DD-58C40F885A48} = {E8287F5E-3178-47DA-9503-3B2D0DF2EA6A}
		{612F2B92-618E-4116-B383-355F6C6C3704} = {FE1DB4C9-72CF-48EB-9A63-84514CF5A227}
		{642BAB0A-973E-4784-A404-2F44D2A152F7} = {DF1B1BC0-99EC-414F-8FEE-BFFF35764F1F}
		{55D35841-AC74-451A-936C-B1DC5054E6D6} = {82EA0749-534C-45BF-9E9F-2BBB518D5984}
		{AA961582-DE99-4454-88AD-75F7A3A47DA9} = {BAE0EC5A-E1C9-4BA2-9F46-BCEB29E9EE41}
		{3F726E41-930B-47E9-B2D2-E4FF4731FB0E} = {908E923C-DB04-4522-BC8F-447F50837950}
		{785BB8FB-10AD-45AB-BB5A-63DCE54F93F0} = {4FE73AA8-A0A0-4508-B28B-93C1FDBF0844}
	EndGlobalSection
	GlobalSection(ExtensibilityGlobals) = postSolution
		SolutionGuid = {7175077D-5254-4B79-840D-0A68099B8E9A}
	EndGlobalSection
EndGlobal
